
Microsoft Visual Studio Solution File, Format Version 12.00
# Visual Studio 15
VisualStudioVersion = 15.0.27130.2024
MinimumVisualStudioVersion = 10.0.40219.1
Project("{FAE04EC0-301F-11D3-BF4B-00C04F79EFBC}") = "FragmentNavigationExample", "FragmentNavigationExample\FragmentNavigationExample.csproj", "{316AF871-1112-4F7F-BE03-CF10AA3115E5}"
EndProject
Global
	GlobalSection(SolutionConfigurationPlatforms) = preSolution
		Debug|Any CPU = Debug|Any CPU
		Release|Any CPU = Release|Any CPU
	EndGlobalSection
	GlobalSection(ProjectConfigurationPlatforms) = postSolution
		{316AF871-1112-4F7F-BE03-CF10AA3115E5}.Debug|Any CPU.ActiveCfg = Debug|Any CPU
		{316AF871-1112-4F7F-BE03-CF10AA3115E5}.Debug|Any CPU.Build.0 = Debug|Any CPU
		{316AF871-1112-4F7F-BE03-CF10AA3115E5}.Debug|Any CPU.Deploy.0 = Debug|Any CPU
		{316AF871-1112-4F7F-BE03-CF10AA3115E5}.Release|Any CPU.ActiveCfg = Release|Any CPU
		{316AF871-1112-4F7F-BE03-CF10AA3115E5}.Release|Any CPU.Build.0 = Release|Any CPU
		{316AF871-1112-4F7F-BE03-CF10AA3115E5}.Release|Any CPU.Deploy.0 = Release|Any CPU
	EndGlobalSection
	GlobalSection(SolutionProperties) = preSolution
		HideSolutionNode = FALSE
	EndGlobalSection
	GlobalSection(ExtensibilityGlobals) = postSolution
		SolutionGuid = {14574E84-981C-4E8B-BD06-4F3C52F4398F}
	EndGlobalSection
EndGlobal
